// !$*UTF8*$!
{
	archiveVersion = 1;
	classes = {
	};
	objectVersion = 46;
	objects = {

/* Begin PBXBuildFile section */
		2087E8391DDAE9D6005DED4D /* FollowingTableViewController.swift in Sources */ = {isa = PBXBuildFile; fileRef = 2087E8381DDAE9D6005DED4D /* FollowingTableViewController.swift */; };
		20B045121DC0618B00054293 /* AppDelegate.swift in Sources */ = {isa = PBXBuildFile; fileRef = 20B045111DC0618B00054293 /* AppDelegate.swift */; };
		20B045141DC0618B00054293 /* ViewController.swift in Sources */ = {isa = PBXBuildFile; fileRef = 20B045131DC0618B00054293 /* ViewController.swift */; };
		20B045171DC0618B00054293 /* Main.storyboard in Resources */ = {isa = PBXBuildFile; fileRef = 20B045151DC0618B00054293 /* Main.storyboard */; settings = {ASSET_TAGS = (FollowingSegue, ); }; };
		20B045191DC0618B00054293 /* Assets.xcassets in Resources */ = {isa = PBXBuildFile; fileRef = 20B045181DC0618B00054293 /* Assets.xcassets */; };
		20B0451C1DC0618B00054293 /* LaunchScreen.storyboard in Resources */ = {isa = PBXBuildFile; fileRef = 20B0451A1DC0618B00054293 /* LaunchScreen.storyboard */; };
		20BD0A631DFD44E500FA8330 /* IndividualPostView.swift in Sources */ = {isa = PBXBuildFile; fileRef = 20BD0A621DFD44E500FA8330 /* IndividualPostView.swift */; };
		20C2BD541DDAEE5200A1A43F /* UserPost.swift in Sources */ = {isa = PBXBuildFile; fileRef = 20C2BD531DDAEE5200A1A43F /* UserPost.swift */; };
		833611A51DFD35E700BB272F /* StaticVariables.swift in Sources */ = {isa = PBXBuildFile; fileRef = 833611A41DFD35E700BB272F /* StaticVariables.swift */; };
		833EE0141DEACDA700852869 /* SearchViewController.swift in Sources */ = {isa = PBXBuildFile; fileRef = 833EE0131DEACDA700852869 /* SearchViewController.swift */; };
		833EE0161DEAD6D600852869 /* PostMapAnnotation.swift in Sources */ = {isa = PBXBuildFile; fileRef = 833EE0151DEAD6D600852869 /* PostMapAnnotation.swift */; };
		97BA59448C1258C78E09C24E /* Pods_Spotted.framework in Frameworks */ = {isa = PBXBuildFile; fileRef = 68F8D75AA17B756494975266 /* Pods_Spotted.framework */; };
		9D3C426D1DC8750300D0644C /* GoogleService-Info.plist in Resources */ = {isa = PBXBuildFile; fileRef = 9D3C426C1DC8750300D0644C /* GoogleService-Info.plist */; };
		9D7568231DDBAA500049BCF8 /* AroundMeViewController.swift in Sources */ = {isa = PBXBuildFile; fileRef = 9D7568221DDBAA500049BCF8 /* AroundMeViewController.swift */; };
		9DD95A431DD59BC800C394BE /* UploadPostViewController.swift in Sources */ = {isa = PBXBuildFile; fileRef = 9DD95A421DD59BC800C394BE /* UploadPostViewController.swift */; };
/* End PBXBuildFile section */

/* Begin PBXFileReference section */
		2087E8381DDAE9D6005DED4D /* FollowingTableViewController.swift */ = {isa = PBXFileReference; fileEncoding = 4; lastKnownFileType = sourcecode.swift; path = FollowingTableViewController.swift; sourceTree = "<group>"; };
		20B0450E1DC0618B00054293 /* Spotted.app */ = {isa = PBXFileReference; explicitFileType = wrapper.application; includeInIndex = 0; path = Spotted.app; sourceTree = BUILT_PRODUCTS_DIR; };
		20B045111DC0618B00054293 /* AppDelegate.swift */ = {isa = PBXFileReference; lastKnownFileType = sourcecode.swift; path = AppDelegate.swift; sourceTree = "<group>"; };
		20B045131DC0618B00054293 /* ViewController.swift */ = {isa = PBXFileReference; lastKnownFileType = sourcecode.swift; path = ViewController.swift; sourceTree = "<group>"; };
		20B045161DC0618B00054293 /* Base */ = {isa = PBXFileReference; lastKnownFileType = file.storyboard; name = Base; path = Base.lproj/Main.storyboard; sourceTree = "<group>"; };
		20B045181DC0618B00054293 /* Assets.xcassets */ = {isa = PBXFileReference; lastKnownFileType = folder.assetcatalog; path = Assets.xcassets; sourceTree = "<group>"; };
		20B0451B1DC0618B00054293 /* Base */ = {isa = PBXFileReference; lastKnownFileType = file.storyboard; name = Base; path = Base.lproj/LaunchScreen.storyboard; sourceTree = "<group>"; };
		20B0451D1DC0618B00054293 /* Info.plist */ = {isa = PBXFileReference; lastKnownFileType = text.plist.xml; path = Info.plist; sourceTree = "<group>"; };
		20BD0A621DFD44E500FA8330 /* IndividualPostView.swift */ = {isa = PBXFileReference; fileEncoding = 4; lastKnownFileType = sourcecode.swift; path = IndividualPostView.swift; sourceTree = "<group>"; };
		20C2BD531DDAEE5200A1A43F /* UserPost.swift */ = {isa = PBXFileReference; fileEncoding = 4; lastKnownFileType = sourcecode.swift; path = UserPost.swift; sourceTree = "<group>"; };
		5B957027BDE31B121C31A527 /* Pods-Spotted.release.xcconfig */ = {isa = PBXFileReference; includeInIndex = 1; lastKnownFileType = text.xcconfig; name = "Pods-Spotted.release.xcconfig"; path = "Pods/Target Support Files/Pods-Spotted/Pods-Spotted.release.xcconfig"; sourceTree = "<group>"; };
		68F8D75AA17B756494975266 /* Pods_Spotted.framework */ = {isa = PBXFileReference; explicitFileType = wrapper.framework; includeInIndex = 0; path = Pods_Spotted.framework; sourceTree = BUILT_PRODUCTS_DIR; };
		833611A41DFD35E700BB272F /* StaticVariables.swift */ = {isa = PBXFileReference; fileEncoding = 4; lastKnownFileType = sourcecode.swift; path = StaticVariables.swift; sourceTree = "<group>"; };
		833EE0131DEACDA700852869 /* SearchViewController.swift */ = {isa = PBXFileReference; fileEncoding = 4; lastKnownFileType = sourcecode.swift; path = SearchViewController.swift; sourceTree = "<group>"; };
		833EE0151DEAD6D600852869 /* PostMapAnnotation.swift */ = {isa = PBXFileReference; fileEncoding = 4; lastKnownFileType = sourcecode.swift; path = PostMapAnnotation.swift; sourceTree = "<group>"; };
		9D3C426C1DC8750300D0644C /* GoogleService-Info.plist */ = {isa = PBXFileReference; fileEncoding = 4; lastKnownFileType = text.plist.xml; path = "GoogleService-Info.plist"; sourceTree = "<group>"; };
		9D7568221DDBAA500049BCF8 /* AroundMeViewController.swift */ = {isa = PBXFileReference; fileEncoding = 4; lastKnownFileType = sourcecode.swift; path = AroundMeViewController.swift; sourceTree = "<group>"; };
		9DD95A421DD59BC800C394BE /* UploadPostViewController.swift */ = {isa = PBXFileReference; fileEncoding = 4; lastKnownFileType = sourcecode.swift; path = UploadPostViewController.swift; sourceTree = "<group>"; };
		C4E84BA0E87D9012F1CFF2AD /* Pods-Spotted.debug.xcconfig */ = {isa = PBXFileReference; includeInIndex = 1; lastKnownFileType = text.xcconfig; name = "Pods-Spotted.debug.xcconfig"; path = "Pods/Target Support Files/Pods-Spotted/Pods-Spotted.debug.xcconfig"; sourceTree = "<group>"; };
/* End PBXFileReference section */

/* Begin PBXFrameworksBuildPhase section */
		20B0450B1DC0618A00054293 /* Frameworks */ = {
			isa = PBXFrameworksBuildPhase;
			buildActionMask = 2147483647;
			files = (
				97BA59448C1258C78E09C24E /* Pods_Spotted.framework in Frameworks */,
			);
			runOnlyForDeploymentPostprocessing = 0;
		};
/* End PBXFrameworksBuildPhase section */

/* Begin PBXGroup section */
		0E33D7A1E5188E141741DE36 /* Pods */ = {
			isa = PBXGroup;
			children = (
				C4E84BA0E87D9012F1CFF2AD /* Pods-Spotted.debug.xcconfig */,
				5B957027BDE31B121C31A527 /* Pods-Spotted.release.xcconfig */,
			);
			name = Pods;
			sourceTree = "<group>";
		};
		20B045051DC0618A00054293 = {
			isa = PBXGroup;
			children = (
				20B045101DC0618B00054293 /* Spotted */,
				20B0450F1DC0618B00054293 /* Products */,
				0E33D7A1E5188E141741DE36 /* Pods */,
				D3F69729B35F359D18463FF7 /* Frameworks */,
			);
			sourceTree = "<group>";
		};
		20B0450F1DC0618B00054293 /* Products */ = {
			isa = PBXGroup;
			children = (
				20B0450E1DC0618B00054293 /* Spotted.app */,
			);
			name = Products;
			sourceTree = "<group>";
		};
		20B045101DC0618B00054293 /* Spotted */ = {
			isa = PBXGroup;
			children = (
				9D3C426C1DC8750300D0644C /* GoogleService-Info.plist */,
				833EE0151DEAD6D600852869 /* PostMapAnnotation.swift */,
				9D7568221DDBAA500049BCF8 /* AroundMeViewController.swift */,
				20B045111DC0618B00054293 /* AppDelegate.swift */,
				20B045131DC0618B00054293 /* ViewController.swift */,
				20B045151DC0618B00054293 /* Main.storyboard */,
				20B045181DC0618B00054293 /* Assets.xcassets */,
				20B0451A1DC0618B00054293 /* LaunchScreen.storyboard */,
				20B0451D1DC0618B00054293 /* Info.plist */,
				9DD95A421DD59BC800C394BE /* UploadPostViewController.swift */,
				2087E8381DDAE9D6005DED4D /* FollowingTableViewController.swift */,
				833611A41DFD35E700BB272F /* StaticVariables.swift */,
				20C2BD531DDAEE5200A1A43F /* UserPost.swift */,
				833EE0131DEACDA700852869 /* SearchViewController.swift */,
				20BD0A621DFD44E500FA8330 /* IndividualPostView.swift */,
			);
			path = Spotted;
			sourceTree = "<group>";
		};
		D3F69729B35F359D18463FF7 /* Frameworks */ = {
			isa = PBXGroup;
			children = (
				68F8D75AA17B756494975266 /* Pods_Spotted.framework */,
			);
			name = Frameworks;
			sourceTree = "<group>";
		};
/* End PBXGroup section */

/* Begin PBXNativeTarget section */
		20B0450D1DC0618A00054293 /* Spotted */ = {
			isa = PBXNativeTarget;
			buildConfigurationList = 20B045201DC0618B00054293 /* Build configuration list for PBXNativeTarget "Spotted" */;
			buildPhases = (
				B62FBE9CB8E81AF38383510C /* [CP] Check Pods Manifest.lock */,
				20B0450A1DC0618A00054293 /* Sources */,
				20B0450B1DC0618A00054293 /* Frameworks */,
				20B0450C1DC0618A00054293 /* Resources */,
				31D8F072C483D6D140192819 /* [CP] Embed Pods Frameworks */,
				6A1EDA9B624833C4D6E1BE36 /* [CP] Copy Pods Resources */,
			);
			buildRules = (
			);
			dependencies = (
			);
			name = Spotted;
			productName = Spotted;
			productReference = 20B0450E1DC0618B00054293 /* Spotted.app */;
			productType = "com.apple.product-type.application";
		};
/* End PBXNativeTarget section */

/* Begin PBXProject section */
		20B045061DC0618A00054293 /* Project object */ = {
			isa = PBXProject;
			attributes = {
				KnownAssetTags = (
					FollowingSegue,
				);
				LastSwiftUpdateCheck = 0800;
				LastUpgradeCheck = 0810;
				ORGANIZATIONNAME = "Evan Grote";
				TargetAttributes = {
					20B0450D1DC0618A00054293 = {
						CreatedOnToolsVersion = 8.0;
						DevelopmentTeam = 628W3F954J;
						ProvisioningStyle = Automatic;
					};
				};
			};
			buildConfigurationList = 20B045091DC0618A00054293 /* Build configuration list for PBXProject "Spotted" */;
			compatibilityVersion = "Xcode 3.2";
			developmentRegion = English;
			hasScannedForEncodings = 0;
			knownRegions = (
				en,
				Base,
			);
			mainGroup = 20B045051DC0618A00054293;
			productRefGroup = 20B0450F1DC0618B00054293 /* Products */;
			projectDirPath = "";
			projectRoot = "";
			targets = (
				20B0450D1DC0618A00054293 /* Spotted */,
			);
		};
/* End PBXProject section */

/* Begin PBXResourcesBuildPhase section */
		20B0450C1DC0618A00054293 /* Resources */ = {
			isa = PBXResourcesBuildPhase;
			buildActionMask = 2147483647;
			files = (
				20B0451C1DC0618B00054293 /* LaunchScreen.storyboard in Resources */,
				20B045191DC0618B00054293 /* Assets.xcassets in Resources */,
				20B045171DC0618B00054293 /* Main.storyboard in Resources */,
				9D3C426D1DC8750300D0644C /* GoogleService-Info.plist in Resources */,
			);
			runOnlyForDeploymentPostprocessing = 0;
		};
/* End PBXResourcesBuildPhase section */

/* Begin PBXShellScriptBuildPhase section */
		31D8F072C483D6D140192819 /* [CP] Embed Pods Frameworks */ = {
			isa = PBXShellScriptBuildPhase;
			buildActionMask = 2147483647;
			files = (
			);
			inputPaths = (
			);
			name = "[CP] Embed Pods Frameworks";
			outputPaths = (
			);
			runOnlyForDeploymentPostprocessing = 0;
			shellPath = /bin/sh;
			shellScript = "\"${SRCROOT}/Pods/Target Support Files/Pods-Spotted/Pods-Spotted-frameworks.sh\"\n";
			showEnvVarsInLog = 0;
		};
		6A1EDA9B624833C4D6E1BE36 /* [CP] Copy Pods Resources */ = {
			isa = PBXShellScriptBuildPhase;
			buildActionMask = 2147483647;
			files = (
			);
			inputPaths = (
			);
			name = "[CP] Copy Pods Resources";
			outputPaths = (
			);
			runOnlyForDeploymentPostprocessing = 0;
			shellPath = /bin/sh;
			shellScript = "\"${SRCROOT}/Pods/Target Support Files/Pods-Spotted/Pods-Spotted-resources.sh\"\n";
			showEnvVarsInLog = 0;
		};
		B62FBE9CB8E81AF38383510C /* [CP] Check Pods Manifest.lock */ = {
			isa = PBXShellScriptBuildPhase;
			buildActionMask = 2147483647;
			files = (
			);
			inputPaths = (
			);
			name = "[CP] Check Pods Manifest.lock";
			outputPaths = (
			);
			runOnlyForDeploymentPostprocessing = 0;
			shellPath = /bin/sh;
			shellScript = "diff \"${PODS_ROOT}/../Podfile.lock\" \"${PODS_ROOT}/Manifest.lock\" > /dev/null\nif [ $? != 0 ] ; then\n    # print error to STDERR\n    echo \"error: The sandbox is not in sync with the Podfile.lock. Run 'pod install' or update your CocoaPods installation.\" >&2\n    exit 1\nfi\n";
			showEnvVarsInLog = 0;
		};
/* End PBXShellScriptBuildPhase section */

/* Begin PBXSourcesBuildPhase section */
		20B0450A1DC0618A00054293 /* Sources */ = {
			isa = PBXSourcesBuildPhase;
			buildActionMask = 2147483647;
			files = (
				9DD95A431DD59BC800C394BE /* UploadPostViewController.swift in Sources */,
				833EE0161DEAD6D600852869 /* PostMapAnnotation.swift in Sources */,
				833EE0141DEACDA700852869 /* SearchViewController.swift in Sources */,
				2087E8391DDAE9D6005DED4D /* FollowingTableViewController.swift in Sources */,
				20B045141DC0618B00054293 /* ViewController.swift in Sources */,
				9D7568231DDBAA500049BCF8 /* AroundMeViewController.swift in Sources */,
				833611A51DFD35E700BB272F /* StaticVariables.swift in Sources */,
				20BD0A631DFD44E500FA8330 /* IndividualPostView.swift in Sources */,
				20B045121DC0618B00054293 /* AppDelegate.swift in Sources */,
				20C2BD541DDAEE5200A1A43F /* UserPost.swift in Sources */,
			);
			runOnlyForDeploymentPostprocessing = 0;
		};
/* End PBXSourcesBuildPhase section */

/* Begin PBXVariantGroup section */
		20B045151DC0618B00054293 /* Main.storyboard */ = {
			isa = PBXVariantGroup;
			children = (
				20B045161DC0618B00054293 /* Base */,
			);
			name = Main.storyboard;
			sourceTree = "<group>";
		};
		20B0451A1DC0618B00054293 /* LaunchScreen.storyboard */ = {
			isa = PBXVariantGroup;
			children = (
				20B0451B1DC0618B00054293 /* Base */,
			);
			name = LaunchScreen.storyboard;
			sourceTree = "<group>";
		};
/* End PBXVariantGroup section */

/* Begin XCBuildConfiguration section */
		20B0451E1DC0618B00054293 /* Debug */ = {
			isa = XCBuildConfiguration;
			buildSettings = {
				ALWAYS_SEARCH_USER_PATHS = NO;
				CLANG_ANALYZER_NONNULL = YES;
				CLANG_CXX_LANGUAGE_STANDARD = "gnu++0x";
				CLANG_CXX_LIBRARY = "libc++";
				CLANG_ENABLE_MODULES = YES;
				CLANG_ENABLE_OBJC_ARC = YES;
				CLANG_WARN_BOOL_CONVERSION = YES;
				CLANG_WARN_CONSTANT_CONVERSION = YES;
				CLANG_WARN_DIRECT_OBJC_ISA_USAGE = YES_ERROR;
				CLANG_WARN_DOCUMENTATION_COMMENTS = YES;
				CLANG_WARN_EMPTY_BODY = YES;
				CLANG_WARN_ENUM_CONVERSION = YES;
				CLANG_WARN_INFINITE_RECURSION = YES;
				CLANG_WARN_INT_CONVERSION = YES;
				CLANG_WARN_OBJC_ROOT_CLASS = YES_ERROR;
				CLANG_WARN_SUSPICIOUS_MOVE = YES;
				CLANG_WARN_SUSPICIOUS_MOVES = YES;
				CLANG_WARN_UNREACHABLE_CODE = YES;
				CLANG_WARN__DUPLICATE_METHOD_MATCH = YES;
				"CODE_SIGN_IDENTITY[sdk=iphoneos*]" = "iPhone Developer";
				COPY_PHASE_STRIP = NO;
				DEBUG_INFORMATION_FORMAT = dwarf;
				ENABLE_STRICT_OBJC_MSGSEND = YES;
				ENABLE_TESTABILITY = YES;
				GCC_C_LANGUAGE_STANDARD = gnu99;
				GCC_DYNAMIC_NO_PIC = NO;
				GCC_NO_COMMON_BLOCKS = YES;
				GCC_OPTIMIZATION_LEVEL = 0;
				GCC_PREPROCESSOR_DEFINITIONS = (
					"DEBUG=1",
					"$(inherited)",
				);
				GCC_WARN_64_TO_32_BIT_CONVERSION = YES;
				GCC_WARN_ABOUT_RETURN_TYPE = YES_ERROR;
				GCC_WARN_UNDECLARED_SELECTOR = YES;
				GCC_WARN_UNINITIALIZED_AUTOS = YES_AGGRESSIVE;
				GCC_WARN_UNUSED_FUNCTION = YES;
				GCC_WARN_UNUSED_VARIABLE = YES;
				IPHONEOS_DEPLOYMENT_TARGET = 10.1;
				MTL_ENABLE_DEBUG_INFO = YES;
				ONLY_ACTIVE_ARCH = YES;
				SDKROOT = iphoneos;
				SWIFT_ACTIVE_COMPILATION_CONDITIONS = DEBUG;
				SWIFT_OPTIMIZATION_LEVEL = "-Onone";
			};
			name = Debug;
		};
		20B0451F1DC0618B00054293 /* Release */ = {
			isa = XCBuildConfiguration;
			buildSettings = {
				ALWAYS_SEARCH_USER_PATHS = NO;
				CLANG_ANALYZER_NONNULL = YES;
				CLANG_CXX_LANGUAGE_STANDARD = "gnu++0x";
				CLANG_CXX_LIBRARY = "libc++";
				CLANG_ENABLE_MODULES = YES;
				CLANG_ENABLE_OBJC_ARC = YES;
				CLANG_WARN_BOOL_CONVERSION = YES;
				CLANG_WARN_CONSTANT_CONVERSION = YES;
				CLANG_WARN_DIRECT_OBJC_ISA_USAGE = YES_ERROR;
				CLANG_WARN_DOCUMENTATION_COMMENTS = YES;
				CLANG_WARN_EMPTY_BODY = YES;
				CLANG_WARN_ENUM_CONVERSION = YES;
				CLANG_WARN_INFINITE_RECURSION = YES;
				CLANG_WARN_INT_CONVERSION = YES;
				CLANG_WARN_OBJC_ROOT_CLASS = YES_ERROR;
				CLANG_WARN_SUSPICIOUS_MOVE = YES;
				CLANG_WARN_SUSPICIOUS_MOVES = YES;
				CLANG_WARN_UNREACHABLE_CODE = YES;
				CLANG_WARN__DUPLICATE_METHOD_MATCH = YES;
				"CODE_SIGN_IDENTITY[sdk=iphoneos*]" = "iPhone Developer";
				COPY_PHASE_STRIP = NO;
				DEBUG_INFORMATION_FORMAT = "dwarf-with-dsym";
				ENABLE_NS_ASSERTIONS = NO;
				ENABLE_STRICT_OBJC_MSGSEND = YES;
				GCC_C_LANGUAGE_STANDARD = gnu99;
				GCC_NO_COMMON_BLOCKS = YES;
				GCC_WARN_64_TO_32_BIT_CONVERSION = YES;
				GCC_WARN_ABOUT_RETURN_TYPE = YES_ERROR;
				GCC_WARN_UNDECLARED_SELECTOR = YES;
				GCC_WARN_UNINITIALIZED_AUTOS = YES_AGGRESSIVE;
				GCC_WARN_UNUSED_FUNCTION = YES;
				GCC_WARN_UNUSED_VARIABLE = YES;
				IPHONEOS_DEPLOYMENT_TARGET = 10.1;
				MTL_ENABLE_DEBUG_INFO = NO;
				SDKROOT = iphoneos;
				SWIFT_OPTIMIZATION_LEVEL = "-Owholemodule";
				VALIDATE_PRODUCT = YES;
			};
			name = Release;
		};
		20B045211DC0618B00054293 /* Debug */ = {
			isa = XCBuildConfiguration;
			baseConfigurationReference = C4E84BA0E87D9012F1CFF2AD /* Pods-Spotted.debug.xcconfig */;
			buildSettings = {
				ASSETCATALOG_COMPILER_APPICON_NAME = AppIcon;
				DEVELOPMENT_TEAM = 628W3F954J;
				INFOPLIST_FILE = Spotted/Info.plist;
				IPHONEOS_DEPLOYMENT_TARGET = 10.1;
				LD_RUNPATH_SEARCH_PATHS = "$(inherited) @executable_path/Frameworks";
				PRODUCT_BUNDLE_IDENTIFIER = edu.uiowa.Spotted;
				PRODUCT_NAME = "$(TARGET_NAME)";
				SWIFT_VERSION = 3.0;
				TARGETED_DEVICE_FAMILY = 1;
			};
			name = Debug;
		};
		20B045221DC0618B00054293 /* Release */ = {
			isa = XCBuildConfiguration;
			baseConfigurationReference = 5B957027BDE31B121C31A527 /* Pods-Spotted.release.xcconfig */;
			buildSettings = {
				ASSETCATALOG_COMPILER_APPICON_NAME = AppIcon;
				DEVELOPMENT_TEAM = 628W3F954J;
				INFOPLIST_FILE = Spotted/Info.plist;
				IPHONEOS_DEPLOYMENT_TARGET = 10.1;
				LD_RUNPATH_SEARCH_PATHS = "$(inherited) @executable_path/Frameworks";
				PRODUCT_BUNDLE_IDENTIFIER = edu.uiowa.Spotted;
				PRODUCT_NAME = "$(TARGET_NAME)";
				SWIFT_VERSION = 3.0;
				TARGETED_DEVICE_FAMILY = 1;
			};
			name = Release;
		};
/* End XCBuildConfiguration section */

/* Begin XCConfigurationList section */
		20B045091DC0618A00054293 /* Build configuration list for PBXProject "Spotted" */ = {
			isa = XCConfigurationList;
			buildConfigurations = (
				20B0451E1DC0618B00054293 /* Debug */,
				20B0451F1DC0618B00054293 /* Release */,
			);
			defaultConfigurationIsVisible = 0;
			defaultConfigurationName = Release;
		};
		20B045201DC0618B00054293 /* Build configuration list for PBXNativeTarget "Spotted" */ = {
			isa = XCConfigurationList;
			buildConfigurations = (
				20B045211DC0618B00054293 /* Debug */,
				20B045221DC0618B00054293 /* Release */,
			);
			defaultConfigurationIsVisible = 0;
			defaultConfigurationName = Release;
		};
/* End XCConfigurationList section */
	};
	rootObject = 20B045061DC0618A00054293 /* Project object */;
}
